<?xml version="1.0" encoding="utf-8"?>
<Project ToolsVersion="17.0" xmlns="http://schemas.microsoft.com/developer/msbuild/2003">
  <ItemGroup>
    <ClCompile Include="D:\Git\ceph\src\libcephfs.cc">
      <Filter>Source Files</Filter>
    </ClCompile>
  </ItemGroup>
  <ItemGroup>
    <CustomBuild Include="D:\Git\ceph\src\CMakeLists.txt" />
  </ItemGroup>
  <ItemGroup>
    <Filter Include="Source Files">
      <UniqueIdentifier>{34CB48D4-2195-3897-9DE1-8D0BA147961D}</UniqueIdentifier>
    </Filter>
    <Filter Include="Header Files">
      <UniqueIdentifier>{77b9ef98-93dc-4798-9a7e-89156513c20f}</UniqueIdentifier>
    </Filter>
    <Filter Include="Header Files\Linux Files">
      <UniqueIdentifier>{f5ca1d63-b6ec-41b5-af58-fdec104cafe2}</UniqueIdentifier>
    </Filter>
    <Filter Include="Header Files\Linux Files\bits">
      <UniqueIdentifier>{b0c9d4db-0dac-4021-b696-f5017f03e2d0}</UniqueIdentifier>
    </Filter>
    <Filter Include="Header Files\Linux Files\sys">
      <UniqueIdentifier>{253e9028-23d5-4072-b595-971aedddd0ab}</UniqueIdentifier>
    </Filter>
  </ItemGroup>
  <ItemGroup>
    <ClInclude Include="..\..\..\src\include\linux\unistd.h">
      <Filter>Header Files\Linux Files</Filter>
    </ClInclude>
    <ClInclude Include="..\..\..\src\include\linux\sched.h">
      <Filter>Header Files\Linux Files</Filter>
    </ClInclude>
    <ClInclude Include="..\..\..\src\include\linux\endian.h">
      <Filter>Header Files\Linux Files</Filter>
    </ClInclude>
    <ClInclude Include="..\..\..\src\include\linux\alltypes.h">
      <Filter>Header Files\Linux Files</Filter>
    </ClInclude>
    <ClInclude Include="..\..\..\src\include\linux\features.h">
      <Filter>Header Files\Linux Files</Filter>
    </ClInclude>
    <ClInclude Include="..\..\..\src\include\linux\posix.h">
      <Filter>Header Files\Linux Files</Filter>
    </ClInclude>
    <ClInclude Include="..\..\..\src\include\linux\pthread.h">
      <Filter>Header Files\Linux Files</Filter>
    </ClInclude>
    <ClInclude Include="..\..\..\src\include\linux\typesizes.h">
      <Filter>Header Files\Linux Files</Filter>
    </ClInclude>
    <ClInclude Include="..\..\..\src\include\linux\time.h">
      <Filter>Header Files\Linux Files</Filter>
    </ClInclude>
    <ClInclude Include="..\..\..\src\include\linux\bits\endian.h">
      <Filter>Header Files\Linux Files\bits</Filter>
    </ClInclude>
    <ClInclude Include="..\..\..\src\include\linux\bits\sched.h">
      <Filter>Header Files\Linux Files\bits</Filter>
    </ClInclude>
    <ClInclude Include="..\..\..\src\include\linux\bits\time.h">
      <Filter>Header Files\Linux Files\bits</Filter>
    </ClInclude>
    <ClInclude Include="..\..\..\src\include\linux\bits\types.h">
      <Filter>Header Files\Linux Files\bits</Filter>
    </ClInclude>
    <ClInclude Include="..\..\..\src\include\linux\sys\cdefs.h">
      <Filter>Header Files\Linux Files\sys</Filter>
    </ClInclude>
    <ClInclude Include="..\..\..\src\include\linux\sys\select.h">
      <Filter>Header Files\Linux Files\sys</Filter>
    </ClInclude>
    <ClInclude Include="..\..\..\src\include\linux\sys\sysmacros.h">
      <Filter>Header Files\Linux Files\sys</Filter>
    </ClInclude>
    <ClInclude Include="..\..\..\src\include\linux\sys\types.h">
      <Filter>Header Files\Linux Files\sys</Filter>
    </ClInclude>
    <ClInclude Include="..\..\..\src\include\linux\sys\ucontext.h">
      <Filter>Header Files\Linux Files\sys</Filter>
    </ClInclude>
    <ClInclude Include="..\..\..\src\include\linux\stdc-predef.h">
      <Filter>Header Files\Linux Files</Filter>
    </ClInclude>
    <ClInclude Include="..\..\..\src\include\linux\bits\wordsize.h">
      <Filter>Header Files\Linux Files\bits</Filter>
    </ClInclude>
  </ItemGroup>
</Project>