<?xml version="1.0" encoding="utf-8"?>
<Project ToolsVersion="17.0" xmlns="http://schemas.microsoft.com/developer/msbuild/2003">
  <ItemGroup>
    <ClCompile Include="D:\Git\ceph\src\libcephfs.cc">
      <Filter>Source Files</Filter>
    </ClCompile>
    <ClCompile Include="..\..\..\src\include\utime.cc">
      <Filter>Header Files\ceph files</Filter>
    </ClCompile>
    <ClCompile Include="..\..\..\src\include\uuid.cc">
      <Filter>Header Files\ceph files</Filter>
    </ClCompile>
  </ItemGroup>
  <ItemGroup>
    <CustomBuild Include="D:\Git\ceph\src\CMakeLists.txt" />
  </ItemGroup>
  <ItemGroup>
    <Filter Include="Source Files">
      <UniqueIdentifier>{34CB48D4-2195-3897-9DE1-8D0BA147961D}</UniqueIdentifier>
    </Filter>
    <Filter Include="Header Files">
      <UniqueIdentifier>{77b9ef98-93dc-4798-9a7e-89156513c20f}</UniqueIdentifier>
    </Filter>
    <Filter Include="Header Files\Linux Files">
      <UniqueIdentifier>{f5ca1d63-b6ec-41b5-af58-fdec104cafe2}</UniqueIdentifier>
    </Filter>
    <Filter Include="Header Files\Linux Files\bits">
      <UniqueIdentifier>{b0c9d4db-0dac-4021-b696-f5017f03e2d0}</UniqueIdentifier>
    </Filter>
    <Filter Include="Header Files\Linux Files\sys">
      <UniqueIdentifier>{253e9028-23d5-4072-b595-971aedddd0ab}</UniqueIdentifier>
    </Filter>
    <Filter Include="Header Files\Linux Files\gnu">
      <UniqueIdentifier>{27bb7020-85e1-4694-9fd6-ff7b2914ba79}</UniqueIdentifier>
    </Filter>
    <Filter Include="Header Files\ceph files">
      <UniqueIdentifier>{4ccb2ea3-f1c1-4c95-a479-398b085906d0}</UniqueIdentifier>
    </Filter>
    <Filter Include="Header Files\ceph files\cephfs">
      <UniqueIdentifier>{45171f14-e04f-4061-8231-95878193a5c3}</UniqueIdentifier>
    </Filter>
    <Filter Include="Documentation Files">
      <UniqueIdentifier>{0f5a6b63-e3ce-46ad-ab45-d87498ad97d3}</UniqueIdentifier>
    </Filter>
    <Filter Include="Documentation Files\ceph">
      <UniqueIdentifier>{249d316e-eab1-4044-b523-d180c0ca7a41}</UniqueIdentifier>
    </Filter>
    <Filter Include="Documentation Files\ceph\api">
      <UniqueIdentifier>{dbe143cb-231a-4f43-b3ba-d521d783aff7}</UniqueIdentifier>
    </Filter>
  </ItemGroup>
  <ItemGroup>
    <ClInclude Include="..\..\..\src\include\linux\unistd.h">
      <Filter>Header Files\Linux Files</Filter>
    </ClInclude>
    <ClInclude Include="..\..\..\src\include\linux\sched.h">
      <Filter>Header Files\Linux Files</Filter>
    </ClInclude>
    <ClInclude Include="..\..\..\src\include\linux\endian.h">
      <Filter>Header Files\Linux Files</Filter>
    </ClInclude>
    <ClInclude Include="..\..\..\src\include\linux\alltypes.h">
      <Filter>Header Files\Linux Files</Filter>
    </ClInclude>
    <ClInclude Include="..\..\..\src\include\linux\features.h">
      <Filter>Header Files\Linux Files</Filter>
    </ClInclude>
    <ClInclude Include="..\..\..\src\include\linux\posix.h">
      <Filter>Header Files\Linux Files</Filter>
    </ClInclude>
    <ClInclude Include="..\..\..\src\include\linux\pthread.h">
      <Filter>Header Files\Linux Files</Filter>
    </ClInclude>
    <ClInclude Include="..\..\..\src\include\linux\typesizes.h">
      <Filter>Header Files\Linux Files</Filter>
    </ClInclude>
    <ClInclude Include="..\..\..\src\include\linux\time.h">
      <Filter>Header Files\Linux Files</Filter>
    </ClInclude>
    <ClInclude Include="..\..\..\src\include\linux\bits\endian.h">
      <Filter>Header Files\Linux Files\bits</Filter>
    </ClInclude>
    <ClInclude Include="..\..\..\src\include\linux\bits\sched.h">
      <Filter>Header Files\Linux Files\bits</Filter>
    </ClInclude>
    <ClInclude Include="..\..\..\src\include\linux\bits\time.h">
      <Filter>Header Files\Linux Files\bits</Filter>
    </ClInclude>
    <ClInclude Include="..\..\..\src\include\linux\bits\types.h">
      <Filter>Header Files\Linux Files\bits</Filter>
    </ClInclude>
    <ClInclude Include="..\..\..\src\include\linux\sys\cdefs.h">
      <Filter>Header Files\Linux Files\sys</Filter>
    </ClInclude>
    <ClInclude Include="..\..\..\src\include\linux\sys\select.h">
      <Filter>Header Files\Linux Files\sys</Filter>
    </ClInclude>
    <ClInclude Include="..\..\..\src\include\linux\sys\sysmacros.h">
      <Filter>Header Files\Linux Files\sys</Filter>
    </ClInclude>
    <ClInclude Include="..\..\..\src\include\linux\sys\types.h">
      <Filter>Header Files\Linux Files\sys</Filter>
    </ClInclude>
    <ClInclude Include="..\..\..\src\include\linux\sys\ucontext.h">
      <Filter>Header Files\Linux Files\sys</Filter>
    </ClInclude>
    <ClInclude Include="..\..\..\src\include\linux\stdc-predef.h">
      <Filter>Header Files\Linux Files</Filter>
    </ClInclude>
    <ClInclude Include="..\..\..\src\include\linux\bits\wordsize.h">
      <Filter>Header Files\Linux Files\bits</Filter>
    </ClInclude>
    <ClInclude Include="..\..\..\src\include\linux\gnu\stubs.h">
      <Filter>Header Files\Linux Files\gnu</Filter>
    </ClInclude>
    <ClInclude Include="..\..\..\src\include\linux\gnu\stubs-32.h">
      <Filter>Header Files\Linux Files\gnu</Filter>
    </ClInclude>
    <ClInclude Include="..\..\..\src\include\linux\gnu\stubs-64.h">
      <Filter>Header Files\Linux Files\gnu</Filter>
    </ClInclude>
    <ClInclude Include="..\..\..\src\include\linux\bits\byteswap.h">
      <Filter>Header Files\Linux Files\bits</Filter>
    </ClInclude>
    <ClInclude Include="..\..\..\src\include\linux\bits\byteswap-16.h">
      <Filter>Header Files\Linux Files\bits</Filter>
    </ClInclude>
    <ClInclude Include="..\..\..\src\include\linux\bits\pthreadtypes.h">
      <Filter>Header Files\Linux Files\bits</Filter>
    </ClInclude>
    <ClInclude Include="..\..\..\src\include\linux\bits\setjmp.h">
      <Filter>Header Files\Linux Files\bits</Filter>
    </ClInclude>
    <ClInclude Include="..\..\..\src\include\linux\sys\time.h">
      <Filter>Header Files\Linux Files\sys</Filter>
    </ClInclude>
    <ClInclude Include="..\..\..\src\include\linux\bits\sigset.h">
      <Filter>Header Files\Linux Files\bits</Filter>
    </ClInclude>
    <ClInclude Include="..\..\..\src\include\linux\bits\alltypes.h">
      <Filter>Header Files\Linux Files\bits</Filter>
    </ClInclude>
    <ClInclude Include="..\..\..\src\include\addr_parsing.h">
      <Filter>Header Files\ceph files</Filter>
    </ClInclude>
    <ClInclude Include="..\..\..\src\include\alloc_ptr.h">
      <Filter>Header Files\ceph files</Filter>
    </ClInclude>
    <ClInclude Include="..\..\..\src\include\any.h">
      <Filter>Header Files\ceph files</Filter>
    </ClInclude>
    <ClInclude Include="..\..\..\src\include\bitmapper.h">
      <Filter>Header Files\ceph files</Filter>
    </ClInclude>
    <ClInclude Include="..\..\..\src\include\blobhash.h">
      <Filter>Header Files\ceph files</Filter>
    </ClInclude>
    <ClInclude Include="..\..\..\src\include\btree_map.h">
      <Filter>Header Files\ceph files</Filter>
    </ClInclude>
    <ClInclude Include="..\..\..\src\include\buffer.h">
      <Filter>Header Files\ceph files</Filter>
    </ClInclude>
    <ClInclude Include="..\..\..\src\include\buffer_fwd.h">
      <Filter>Header Files\ceph files</Filter>
    </ClInclude>
    <ClInclude Include="..\..\..\src\include\buffer_raw.h">
      <Filter>Header Files\ceph files</Filter>
    </ClInclude>
    <ClInclude Include="..\..\..\src\include\byteorder.h">
      <Filter>Header Files\ceph files</Filter>
    </ClInclude>
    <ClInclude Include="..\..\..\src\include\ceph_assert.h">
      <Filter>Header Files\ceph files</Filter>
    </ClInclude>
    <ClInclude Include="..\..\..\src\include\ceph_features.h">
      <Filter>Header Files\ceph files</Filter>
    </ClInclude>
    <ClInclude Include="..\..\..\src\include\ceph_frag.h">
      <Filter>Header Files\ceph files</Filter>
    </ClInclude>
    <ClInclude Include="..\..\..\src\include\ceph_fs.h">
      <Filter>Header Files\ceph files</Filter>
    </ClInclude>
    <ClInclude Include="..\..\..\src\include\ceph_fuse.h">
      <Filter>Header Files\ceph files</Filter>
    </ClInclude>
    <ClInclude Include="..\..\..\src\include\ceph_hash.h">
      <Filter>Header Files\ceph files</Filter>
    </ClInclude>
    <ClInclude Include="..\..\..\src\include\color.h">
      <Filter>Header Files\ceph files</Filter>
    </ClInclude>
    <ClInclude Include="..\..\..\src\include\common_fwd.h">
      <Filter>Header Files\ceph files</Filter>
    </ClInclude>
    <ClInclude Include="..\..\..\src\include\compact_map.h">
      <Filter>Header Files\ceph files</Filter>
    </ClInclude>
    <ClInclude Include="..\..\..\src\include\compact_set.h">
      <Filter>Header Files\ceph files</Filter>
    </ClInclude>
    <ClInclude Include="..\..\..\src\include\compat.h">
      <Filter>Header Files\ceph files</Filter>
    </ClInclude>
    <ClInclude Include="..\..\..\src\include\CompatSet.h">
      <Filter>Header Files\ceph files</Filter>
    </ClInclude>
    <ClInclude Include="..\..\..\src\include\Context.h">
      <Filter>Header Files\ceph files</Filter>
    </ClInclude>
    <ClInclude Include="..\..\..\src\include\coredumpctl.h">
      <Filter>Header Files\ceph files</Filter>
    </ClInclude>
    <ClInclude Include="..\..\..\src\include\counter.h">
      <Filter>Header Files\ceph files</Filter>
    </ClInclude>
    <ClInclude Include="..\..\..\src\include\cpp_lib_backport.h">
      <Filter>Header Files\ceph files</Filter>
    </ClInclude>
    <ClInclude Include="..\..\..\src\include\crc32c.h">
      <Filter>Header Files\ceph files</Filter>
    </ClInclude>
    <ClInclude Include="..\..\..\src\include\demangle.h">
      <Filter>Header Files\ceph files</Filter>
    </ClInclude>
    <ClInclude Include="..\..\..\src\include\denc.h">
      <Filter>Header Files\ceph files</Filter>
    </ClInclude>
    <ClInclude Include="..\..\..\src\include\Distribution.h">
      <Filter>Header Files\ceph files</Filter>
    </ClInclude>
    <ClInclude Include="..\..\..\src\include\dlfcn_compat.h">
      <Filter>Header Files\ceph files</Filter>
    </ClInclude>
    <ClInclude Include="..\..\..\src\include\elist.h">
      <Filter>Header Files\ceph files</Filter>
    </ClInclude>
    <ClInclude Include="..\..\..\src\include\encoding.h">
      <Filter>Header Files\ceph files</Filter>
    </ClInclude>
    <ClInclude Include="..\..\..\src\include\err.h">
      <Filter>Header Files\ceph files</Filter>
    </ClInclude>
    <ClInclude Include="..\..\..\src\include\error.h">
      <Filter>Header Files\ceph files</Filter>
    </ClInclude>
    <ClInclude Include="..\..\..\src\include\event_type.h">
      <Filter>Header Files\ceph files</Filter>
    </ClInclude>
    <ClInclude Include="..\..\..\src\include\expected.hpp">
      <Filter>Header Files\ceph files</Filter>
    </ClInclude>
    <ClInclude Include="..\..\..\src\include\filepath.h">
      <Filter>Header Files\ceph files</Filter>
    </ClInclude>
    <ClInclude Include="..\..\..\src\include\frag.h">
      <Filter>Header Files\ceph files</Filter>
    </ClInclude>
    <ClInclude Include="..\..\..\src\include\fs_types.h">
      <Filter>Header Files\ceph files</Filter>
    </ClInclude>
    <ClInclude Include="..\..\..\src\include\function2.hpp">
      <Filter>Header Files\ceph files</Filter>
    </ClInclude>
    <ClInclude Include="..\..\..\src\include\hash.h">
      <Filter>Header Files\ceph files</Filter>
    </ClInclude>
    <ClInclude Include="..\..\..\src\include\health.h">
      <Filter>Header Files\ceph files</Filter>
    </ClInclude>
    <ClInclude Include="..\..\..\src\include\inline_memory.h">
      <Filter>Header Files\ceph files</Filter>
    </ClInclude>
    <ClInclude Include="..\..\..\src\include\int_types.h">
      <Filter>Header Files\ceph files</Filter>
    </ClInclude>
    <ClInclude Include="..\..\..\src\include\intarith.h">
      <Filter>Header Files\ceph files</Filter>
    </ClInclude>
    <ClInclude Include="..\..\..\src\include\interval_set.h">
      <Filter>Header Files\ceph files</Filter>
    </ClInclude>
    <ClInclude Include="..\..\..\src\include\ipaddr.h">
      <Filter>Header Files\ceph files</Filter>
    </ClInclude>
    <ClInclude Include="..\..\..\src\include\krbd.h">
      <Filter>Header Files\ceph files</Filter>
    </ClInclude>
    <ClInclude Include="..\..\..\src\include\libcephsqlite.h">
      <Filter>Header Files\ceph files</Filter>
    </ClInclude>
    <ClInclude Include="..\..\..\src\include\linux_fiemap.h">
      <Filter>Header Files\ceph files</Filter>
    </ClInclude>
    <ClInclude Include="..\..\..\src\include\lru.h">
      <Filter>Header Files\ceph files</Filter>
    </ClInclude>
    <ClInclude Include="..\..\..\src\include\mempool.h">
      <Filter>Header Files\ceph files</Filter>
    </ClInclude>
    <ClInclude Include="..\..\..\src\include\msgr.h">
      <Filter>Header Files\ceph files</Filter>
    </ClInclude>
    <ClInclude Include="..\..\..\src\include\object.h">
      <Filter>Header Files\ceph files</Filter>
    </ClInclude>
    <ClInclude Include="..\..\..\src\include\on_exit.h">
      <Filter>Header Files\ceph files</Filter>
    </ClInclude>
    <ClInclude Include="..\..\..\src\include\page.h">
      <Filter>Header Files\ceph files</Filter>
    </ClInclude>
    <ClInclude Include="..\..\..\src\include\rados.h">
      <Filter>Header Files\ceph files</Filter>
    </ClInclude>
    <ClInclude Include="..\..\..\src\include\random.h">
      <Filter>Header Files\ceph files</Filter>
    </ClInclude>
    <ClInclude Include="..\..\..\src\include\rangeset.h">
      <Filter>Header Files\ceph files</Filter>
    </ClInclude>
    <ClInclude Include="..\..\..\src\include\rbd_types.h">
      <Filter>Header Files\ceph files</Filter>
    </ClInclude>
    <ClInclude Include="..\..\..\src\include\scope_guard.h">
      <Filter>Header Files\ceph files</Filter>
    </ClInclude>
    <ClInclude Include="..\..\..\src\include\sock_compat.h">
      <Filter>Header Files\ceph files</Filter>
    </ClInclude>
    <ClInclude Include="..\..\..\src\include\spinlock.h">
      <Filter>Header Files\ceph files</Filter>
    </ClInclude>
    <ClInclude Include="..\..\..\src\include\stat.h">
      <Filter>Header Files\ceph files</Filter>
    </ClInclude>
    <ClInclude Include="..\..\..\src\include\statlite.h">
      <Filter>Header Files\ceph files</Filter>
    </ClInclude>
    <ClInclude Include="..\..\..\src\include\str_list.h">
      <Filter>Header Files\ceph files</Filter>
    </ClInclude>
    <ClInclude Include="..\..\..\src\include\str_map.h">
      <Filter>Header Files\ceph files</Filter>
    </ClInclude>
    <ClInclude Include="..\..\..\src\include\stringify.h">
      <Filter>Header Files\ceph files</Filter>
    </ClInclude>
    <ClInclude Include="..\..\..\src\include\timegm.h">
      <Filter>Header Files\ceph files</Filter>
    </ClInclude>
    <ClInclude Include="..\..\..\src\include\types.h">
      <Filter>Header Files\ceph files</Filter>
    </ClInclude>
    <ClInclude Include="..\..\..\src\include\types_fmt.h">
      <Filter>Header Files\ceph files</Filter>
    </ClInclude>
    <ClInclude Include="..\..\..\src\include\uses_allocator.h">
      <Filter>Header Files\ceph files</Filter>
    </ClInclude>
    <ClInclude Include="..\..\..\src\include\util.h">
      <Filter>Header Files\ceph files</Filter>
    </ClInclude>
    <ClInclude Include="..\..\..\src\include\utime.h">
      <Filter>Header Files\ceph files</Filter>
    </ClInclude>
    <ClInclude Include="..\..\..\src\include\utime_fmt.h">
      <Filter>Header Files\ceph files</Filter>
    </ClInclude>
    <ClInclude Include="..\..\..\src\include\uuid.h">
      <Filter>Header Files\ceph files</Filter>
    </ClInclude>
    <ClInclude Include="..\..\..\src\include\xlist.h">
      <Filter>Header Files\ceph files</Filter>
    </ClInclude>
    <ClInclude Include="..\..\..\src\include\cephfs\ceph_ll_client.h">
      <Filter>Header Files\ceph files\cephfs</Filter>
    </ClInclude>
    <ClInclude Include="..\..\..\src\include\cephfs\libcephfs.h">
      <Filter>Header Files\ceph files\cephfs</Filter>
    </ClInclude>
    <ClInclude Include="..\..\..\src\include\cephfs\types.h">
      <Filter>Header Files\ceph files\cephfs</Filter>
    </ClInclude>
  </ItemGroup>
  <ItemGroup>
    <None Include="..\..\..\src\include\linux\bits\alltypes.h.in">
      <Filter>Header Files\Linux Files\bits</Filter>
    </None>
    <None Include="..\..\..\src\include\config-h.in.cmake">
      <Filter>Header Files\ceph files</Filter>
    </None>
    <None Include="..\..\..\doc\cephfs\add-remove-mds.rst">
      <Filter>Documentation Files\ceph</Filter>
    </None>
    <None Include="..\..\..\doc\cephfs\administration.rst">
      <Filter>Documentation Files\ceph</Filter>
    </None>
    <None Include="..\..\..\doc\cephfs\app-best-practices.rst">
      <Filter>Documentation Files\ceph</Filter>
    </None>
    <None Include="..\..\..\doc\cephfs\cache-configuration.rst">
      <Filter>Documentation Files\ceph</Filter>
    </None>
    <None Include="..\..\..\doc\cephfs\capabilities.rst">
      <Filter>Documentation Files\ceph</Filter>
    </None>
    <None Include="..\..\..\doc\cephfs\ceph-dokan.rst">
      <Filter>Documentation Files\ceph</Filter>
    </None>
    <None Include="..\..\..\doc\cephfs\cephfs-architecture.svg">
      <Filter>Documentation Files\ceph</Filter>
    </None>
    <None Include="..\..\..\doc\cephfs\cephfs-io-path.rst">
      <Filter>Documentation Files\ceph</Filter>
    </None>
    <None Include="..\..\..\doc\cephfs\cephfs-journal-tool.rst">
      <Filter>Documentation Files\ceph</Filter>
    </None>
    <None Include="..\..\..\doc\cephfs\cephfs-mirroring.rst">
      <Filter>Documentation Files\ceph</Filter>
    </None>
    <None Include="..\..\..\doc\cephfs\cephfs-top.rst">
      <Filter>Documentation Files\ceph</Filter>
    </None>
    <None Include="..\..\..\doc\cephfs\charmap.rst">
      <Filter>Documentation Files\ceph</Filter>
    </None>
    <None Include="..\..\..\doc\cephfs\client-auth.rst">
      <Filter>Documentation Files\ceph</Filter>
    </None>
    <None Include="..\..\..\doc\cephfs\client-config-ref.rst">
      <Filter>Documentation Files\ceph</Filter>
    </None>
    <None Include="..\..\..\doc\cephfs\createfs.rst">
      <Filter>Documentation Files\ceph</Filter>
    </None>
    <None Include="..\..\..\doc\cephfs\dirfrags.rst">
      <Filter>Documentation Files\ceph</Filter>
    </None>
    <None Include="..\..\..\doc\cephfs\disaster-recovery.rst">
      <Filter>Documentation Files\ceph</Filter>
    </None>
    <None Include="..\..\..\doc\cephfs\disaster-recovery-experts.rst">
      <Filter>Documentation Files\ceph</Filter>
    </None>
    <None Include="..\..\..\doc\cephfs\dynamic-metadata-management.rst">
      <Filter>Documentation Files\ceph</Filter>
    </None>
    <None Include="..\..\..\doc\cephfs\eviction.rst">
      <Filter>Documentation Files\ceph</Filter>
    </None>
    <None Include="..\..\..\doc\cephfs\experimental-features.rst">
      <Filter>Documentation Files\ceph</Filter>
    </None>
    <None Include="..\..\..\doc\cephfs\file-layouts.rst">
      <Filter>Documentation Files\ceph</Filter>
    </None>
    <None Include="..\..\..\doc\cephfs\fs-volumes.rst">
      <Filter>Documentation Files\ceph</Filter>
    </None>
    <None Include="..\..\..\doc\cephfs\full.rst">
      <Filter>Documentation Files\ceph</Filter>
    </None>
    <None Include="..\..\..\doc\cephfs\health-messages.rst">
      <Filter>Documentation Files\ceph</Filter>
    </None>
    <None Include="..\..\..\doc\cephfs\index.rst">
      <Filter>Documentation Files\ceph</Filter>
    </None>
    <None Include="..\..\..\doc\cephfs\journaler.rst">
      <Filter>Documentation Files\ceph</Filter>
    </None>
    <None Include="..\..\..\doc\cephfs\kernel-features.rst">
      <Filter>Documentation Files\ceph</Filter>
    </None>
    <None Include="..\..\..\doc\cephfs\lazyio.rst">
      <Filter>Documentation Files\ceph</Filter>
    </None>
    <None Include="..\..\..\doc\cephfs\mantle.rst">
      <Filter>Documentation Files\ceph</Filter>
    </None>
    <None Include="..\..\..\doc\cephfs\mdcache.rst">
      <Filter>Documentation Files\ceph</Filter>
    </None>
    <None Include="..\..\..\doc\cephfs\mds-config-ref.rst">
      <Filter>Documentation Files\ceph</Filter>
    </None>
    <None Include="..\..\..\doc\cephfs\mds-journaling.rst">
      <Filter>Documentation Files\ceph</Filter>
    </None>
    <None Include="..\..\..\doc\cephfs\mds-state-diagram.dot">
      <Filter>Documentation Files\ceph</Filter>
    </None>
    <None Include="..\..\..\doc\cephfs\mds-states.rst">
      <Filter>Documentation Files\ceph</Filter>
    </None>
    <None Include="..\..\..\doc\cephfs\metrics.rst">
      <Filter>Documentation Files\ceph</Filter>
    </None>
    <None Include="..\..\..\doc\cephfs\mount-prerequisites.rst">
      <Filter>Documentation Files\ceph</Filter>
    </None>
    <None Include="..\..\..\doc\cephfs\mount-using-fuse.rst">
      <Filter>Documentation Files\ceph</Filter>
    </None>
    <None Include="..\..\..\doc\cephfs\mount-using-kernel-driver.rst">
      <Filter>Documentation Files\ceph</Filter>
    </None>
    <None Include="..\..\..\doc\cephfs\multifs.rst">
      <Filter>Documentation Files\ceph</Filter>
    </None>
    <None Include="..\..\..\doc\cephfs\multimds.rst">
      <Filter>Documentation Files\ceph</Filter>
    </None>
    <None Include="..\..\..\doc\cephfs\nfs.rst">
      <Filter>Documentation Files\ceph</Filter>
    </None>
    <None Include="..\..\..\doc\cephfs\posix.rst">
      <Filter>Documentation Files\ceph</Filter>
    </None>
    <None Include="..\..\..\doc\cephfs\purge-queue.rst">
      <Filter>Documentation Files\ceph</Filter>
    </None>
    <None Include="..\..\..\doc\cephfs\quiesce-set-states.svg">
      <Filter>Documentation Files\ceph</Filter>
    </None>
    <None Include="..\..\..\doc\cephfs\quota.rst">
      <Filter>Documentation Files\ceph</Filter>
    </None>
    <None Include="..\..\..\doc\cephfs\recover-fs-after-mon-store-loss.rst">
      <Filter>Documentation Files\ceph</Filter>
    </None>
    <None Include="..\..\..\doc\cephfs\scrub.rst">
      <Filter>Documentation Files\ceph</Filter>
    </None>
    <None Include="..\..\..\doc\cephfs\snap-schedule.rst">
      <Filter>Documentation Files\ceph</Filter>
    </None>
    <None Include="..\..\..\doc\cephfs\snapshots.rst">
      <Filter>Documentation Files\ceph</Filter>
    </None>
    <None Include="..\..\..\doc\cephfs\standby.rst">
      <Filter>Documentation Files\ceph</Filter>
    </None>
    <None Include="..\..\..\doc\cephfs\subtree-partitioning.svg">
      <Filter>Documentation Files\ceph</Filter>
    </None>
    <None Include="..\..\..\doc\cephfs\troubleshooting.rst">
      <Filter>Documentation Files\ceph</Filter>
    </None>
    <None Include="..\..\..\doc\cephfs\upgrading.rst">
      <Filter>Documentation Files\ceph</Filter>
    </None>
    <None Include="..\..\..\doc\cephfs\api\index.rst">
      <Filter>Documentation Files\ceph\api</Filter>
    </None>
    <None Include="..\..\..\doc\cephfs\api\libcephfs-java.rst">
      <Filter>Documentation Files\ceph\api</Filter>
    </None>
    <None Include="..\..\..\doc\cephfs\api\libcephfs-py.rst">
      <Filter>Documentation Files\ceph\api</Filter>
    </None>
  </ItemGroup>
  <ItemGroup>
    <Text Include="..\..\..\src\include\CMakeLists.txt">
      <Filter>Header Files\ceph files</Filter>
    </Text>
  </ItemGroup>
  <ItemGroup>
    <Image Include="..\..\..\doc\cephfs\cephfs-top.png">
      <Filter>Documentation Files\ceph</Filter>
    </Image>
  </ItemGroup>
</Project>